// !$*UTF8*$!
{
	archiveVersion = 1;
	classes = {
	};
	objectVersion = 51;
	objects = {

/* Begin PBXBuildFile section */
		8B716B500FF0C4382A6E5A76 /* Pods_VkNewsFeed.framework in Frameworks */ = {isa = PBXBuildFile; fileRef = AFC1A85547DEF44BD9426FE9 /* Pods_VkNewsFeed.framework */; };
		EC88BB9C24C6FBAC0052EE1F /* AuthService.swift in Sources */ = {isa = PBXBuildFile; fileRef = EC88BB9B24C6FBAC0052EE1F /* AuthService.swift */; };
		EC88BB9F24C706860052EE1F /* AuthViewController.swift in Sources */ = {isa = PBXBuildFile; fileRef = EC88BB9E24C706860052EE1F /* AuthViewController.swift */; };
		EC88BBA124C706B40052EE1F /* Main.storyboard in Resources */ = {isa = PBXBuildFile; fileRef = EC88BBA024C706B40052EE1F /* Main.storyboard */; };
		EC9897FC24C8BFCF00BA3D52 /* FeedViewController.swift in Sources */ = {isa = PBXBuildFile; fileRef = EC9897FB24C8BFCF00BA3D52 /* FeedViewController.swift */; };
		EC9897FE24C8BFE100BA3D52 /* FeedViewController.storyboard in Resources */ = {isa = PBXBuildFile; fileRef = EC9897FD24C8BFE100BA3D52 /* FeedViewController.storyboard */; };
		ECBE484B24C6318400851417 /* AppDelegate.swift in Sources */ = {isa = PBXBuildFile; fileRef = ECBE484A24C6318400851417 /* AppDelegate.swift */; };
		ECBE484D24C6318400851417 /* SceneDelegate.swift in Sources */ = {isa = PBXBuildFile; fileRef = ECBE484C24C6318400851417 /* SceneDelegate.swift */; };
		ECBE485424C6318700851417 /* Assets.xcassets in Resources */ = {isa = PBXBuildFile; fileRef = ECBE485324C6318700851417 /* Assets.xcassets */; };
		ECBE485724C6318700851417 /* LaunchScreen.storyboard in Resources */ = {isa = PBXBuildFile; fileRef = ECBE485524C6318700851417 /* LaunchScreen.storyboard */; };
/* End PBXBuildFile section */

/* Begin PBXFileReference section */
		876A66A81580B8016B74A427 /* Pods-VkNewsFeed.debug.xcconfig */ = {isa = PBXFileReference; includeInIndex = 1; lastKnownFileType = text.xcconfig; name = "Pods-VkNewsFeed.debug.xcconfig"; path = "Target Support Files/Pods-VkNewsFeed/Pods-VkNewsFeed.debug.xcconfig"; sourceTree = "<group>"; };
		A8F96276C83F08554186AC2A /* Pods-VkNewsFeed.release.xcconfig */ = {isa = PBXFileReference; includeInIndex = 1; lastKnownFileType = text.xcconfig; name = "Pods-VkNewsFeed.release.xcconfig"; path = "Target Support Files/Pods-VkNewsFeed/Pods-VkNewsFeed.release.xcconfig"; sourceTree = "<group>"; };
		AFC1A85547DEF44BD9426FE9 /* Pods_VkNewsFeed.framework */ = {isa = PBXFileReference; explicitFileType = wrapper.framework; includeInIndex = 0; path = Pods_VkNewsFeed.framework; sourceTree = BUILT_PRODUCTS_DIR; };
		EC88BB9B24C6FBAC0052EE1F /* AuthService.swift */ = {isa = PBXFileReference; lastKnownFileType = sourcecode.swift; path = AuthService.swift; sourceTree = "<group>"; };
		EC88BB9E24C706860052EE1F /* AuthViewController.swift */ = {isa = PBXFileReference; lastKnownFileType = sourcecode.swift; path = AuthViewController.swift; sourceTree = "<group>"; };
		EC88BBA024C706B40052EE1F /* Main.storyboard */ = {isa = PBXFileReference; lastKnownFileType = file.storyboard; path = Main.storyboard; sourceTree = "<group>"; };
		EC9897FB24C8BFCF00BA3D52 /* FeedViewController.swift */ = {isa = PBXFileReference; lastKnownFileType = sourcecode.swift; path = FeedViewController.swift; sourceTree = "<group>"; };
		EC9897FD24C8BFE100BA3D52 /* FeedViewController.storyboard */ = {isa = PBXFileReference; lastKnownFileType = file.storyboard; path = FeedViewController.storyboard; sourceTree = "<group>"; };
		ECBE484724C6318400851417 /* VkNewsFeed.app */ = {isa = PBXFileReference; explicitFileType = wrapper.application; includeInIndex = 0; path = VkNewsFeed.app; sourceTree = BUILT_PRODUCTS_DIR; };
		ECBE484A24C6318400851417 /* AppDelegate.swift */ = {isa = PBXFileReference; lastKnownFileType = sourcecode.swift; path = AppDelegate.swift; sourceTree = "<group>"; };
		ECBE484C24C6318400851417 /* SceneDelegate.swift */ = {isa = PBXFileReference; lastKnownFileType = sourcecode.swift; path = SceneDelegate.swift; sourceTree = "<group>"; };
		ECBE485324C6318700851417 /* Assets.xcassets */ = {isa = PBXFileReference; lastKnownFileType = folder.assetcatalog; path = Assets.xcassets; sourceTree = "<group>"; };
		ECBE485624C6318700851417 /* Base */ = {isa = PBXFileReference; lastKnownFileType = file.storyboard; name = Base; path = Base.lproj/LaunchScreen.storyboard; sourceTree = "<group>"; };
		ECBE485824C6318700851417 /* Info.plist */ = {isa = PBXFileReference; lastKnownFileType = text.plist.xml; path = Info.plist; sourceTree = "<group>"; };
/* End PBXFileReference section */

/* Begin PBXFrameworksBuildPhase section */
		ECBE484424C6318400851417 /* Frameworks */ = {
			isa = PBXFrameworksBuildPhase;
			buildActionMask = 2147483647;
			files = (
				8B716B500FF0C4382A6E5A76 /* Pods_VkNewsFeed.framework in Frameworks */,
			);
			runOnlyForDeploymentPostprocessing = 0;
		};
/* End PBXFrameworksBuildPhase section */

/* Begin PBXGroup section */
		06BCEEA2E268413DE07250D7 /* Pods */ = {
			isa = PBXGroup;
			children = (
				876A66A81580B8016B74A427 /* Pods-VkNewsFeed.debug.xcconfig */,
				A8F96276C83F08554186AC2A /* Pods-VkNewsFeed.release.xcconfig */,
			);
			path = Pods;
			sourceTree = "<group>";
		};
		B6ACB4F988ADCB60FC134F47 /* Frameworks */ = {
			isa = PBXGroup;
			children = (
				AFC1A85547DEF44BD9426FE9 /* Pods_VkNewsFeed.framework */,
			);
			name = Frameworks;
			sourceTree = "<group>";
		};
		EC88BB9D24C6FE280052EE1F /* Services */ = {
			isa = PBXGroup;
			children = (
				EC88BB9B24C6FBAC0052EE1F /* AuthService.swift */,
			);
			path = Services;
			sourceTree = "<group>";
		};
		EC88BBA224C706BB0052EE1F /* Auth */ = {
			isa = PBXGroup;
			children = (
				EC88BB9E24C706860052EE1F /* AuthViewController.swift */,
				EC88BBA024C706B40052EE1F /* Main.storyboard */,
			);
			path = Auth;
			sourceTree = "<group>";
		};
		ECBE483E24C6318400851417 = {
			isa = PBXGroup;
			children = (
				ECBE484924C6318400851417 /* VkNewsFeed */,
				ECBE484824C6318400851417 /* Products */,
				06BCEEA2E268413DE07250D7 /* Pods */,
				B6ACB4F988ADCB60FC134F47 /* Frameworks */,
			);
			sourceTree = "<group>";
		};
		ECBE484824C6318400851417 /* Products */ = {
			isa = PBXGroup;
			children = (
				ECBE484724C6318400851417 /* VkNewsFeed.app */,
			);
			name = Products;
			sourceTree = "<group>";
		};
		ECBE484924C6318400851417 /* VkNewsFeed */ = {
			isa = PBXGroup;
			children = (
				ECBE484A24C6318400851417 /* AppDelegate.swift */,
				EC88BB9D24C6FE280052EE1F /* Services */,
				ECBE484C24C6318400851417 /* SceneDelegate.swift */,
				ECBE485324C6318700851417 /* Assets.xcassets */,
				ECBE485524C6318700851417 /* LaunchScreen.storyboard */,
				ECBE485824C6318700851417 /* Info.plist */,
				EC88BBA224C706BB0052EE1F /* Auth */,
				EC9897FB24C8BFCF00BA3D52 /* FeedViewController.swift */,
				EC9897FD24C8BFE100BA3D52 /* FeedViewController.storyboard */,
			);
			path = VkNewsFeed;
			sourceTree = "<group>";
		};
/* End PBXGroup section */

/* Begin PBXNativeTarget section */
		ECBE484624C6318400851417 /* VkNewsFeed */ = {
			isa = PBXNativeTarget;
			buildConfigurationList = ECBE485B24C6318700851417 /* Build configuration list for PBXNativeTarget "VkNewsFeed" */;
			buildPhases = (
				59EBCEE54D17A9A5D72D4B6B /* [CP] Check Pods Manifest.lock */,
				ECBE484324C6318400851417 /* Sources */,
				ECBE484424C6318400851417 /* Frameworks */,
				ECBE484524C6318400851417 /* Resources */,
				F30874230A097B8E34061B47 /* [CP] Embed Pods Frameworks */,
			);
			buildRules = (
			);
			dependencies = (
			);
			name = VkNewsFeed;
			productName = VkNewsFeed;
			productReference = ECBE484724C6318400851417 /* VkNewsFeed.app */;
			productType = "com.apple.product-type.application";
		};
/* End PBXNativeTarget section */

/* Begin PBXProject section */
		ECBE483F24C6318400851417 /* Project object */ = {
			isa = PBXProject;
			attributes = {
				LastSwiftUpdateCheck = 1140;
				LastUpgradeCheck = 1140;
				ORGANIZATIONNAME = "Roman Oliinyk";
				TargetAttributes = {
					ECBE484624C6318400851417 = {
						CreatedOnToolsVersion = 11.4.1;
					};
				};
			};
			buildConfigurationList = ECBE484224C6318400851417 /* Build configuration list for PBXProject "VkNewsFeed" */;
			compatibilityVersion = "Xcode 9.3";
			developmentRegion = en;
			hasScannedForEncodings = 0;
			knownRegions = (
				en,
				Base,
			);
			mainGroup = ECBE483E24C6318400851417;
			productRefGroup = ECBE484824C6318400851417 /* Products */;
			projectDirPath = "";
			projectRoot = "";
			targets = (
				ECBE484624C6318400851417 /* VkNewsFeed */,
			);
		};
/* End PBXProject section */

/* Begin PBXResourcesBuildPhase section */
		ECBE484524C6318400851417 /* Resources */ = {
			isa = PBXResourcesBuildPhase;
			buildActionMask = 2147483647;
			files = (
				ECBE485724C6318700851417 /* LaunchScreen.storyboard in Resources */,
				EC88BBA124C706B40052EE1F /* Main.storyboard in Resources */,
				ECBE485424C6318700851417 /* Assets.xcassets in Resources */,
				EC9897FE24C8BFE100BA3D52 /* FeedViewController.storyboard in Resources */,
			);
			runOnlyForDeploymentPostprocessing = 0;
		};
/* End PBXResourcesBuildPhase section */

/* Begin PBXShellScriptBuildPhase section */
		59EBCEE54D17A9A5D72D4B6B /* [CP] Check Pods Manifest.lock */ = {
			isa = PBXShellScriptBuildPhase;
			buildActionMask = 2147483647;
			files = (
			);
			inputFileListPaths = (
			);
			inputPaths = (
				"${PODS_PODFILE_DIR_PATH}/Podfile.lock",
				"${PODS_ROOT}/Manifest.lock",
			);
			name = "[CP] Check Pods Manifest.lock";
			outputFileListPaths = (
			);
			outputPaths = (
				"$(DERIVED_FILE_DIR)/Pods-VkNewsFeed-checkManifestLockResult.txt",
			);
			runOnlyForDeploymentPostprocessing = 0;
			shellPath = /bin/sh;
			shellScript = "diff \"${PODS_PODFILE_DIR_PATH}/Podfile.lock\" \"${PODS_ROOT}/Manifest.lock\" > /dev/null\nif [ $? != 0 ] ; then\n    # print error to STDERR\n    echo \"error: The sandbox is not in sync with the Podfile.lock. Run 'pod install' or update your CocoaPods installation.\" >&2\n    exit 1\nfi\n# This output is used by Xcode 'outputs' to avoid re-running this script phase.\necho \"SUCCESS\" > \"${SCRIPT_OUTPUT_FILE_0}\"\n";
			showEnvVarsInLog = 0;
		};
		F30874230A097B8E34061B47 /* [CP] Embed Pods Frameworks */ = {
			isa = PBXShellScriptBuildPhase;
			buildActionMask = 2147483647;
			files = (
			);
			inputFileListPaths = (
				"${PODS_ROOT}/Target Support Files/Pods-VkNewsFeed/Pods-VkNewsFeed-frameworks-${CONFIGURATION}-input-files.xcfilelist",
			);
			name = "[CP] Embed Pods Frameworks";
			outputFileListPaths = (
				"${PODS_ROOT}/Target Support Files/Pods-VkNewsFeed/Pods-VkNewsFeed-frameworks-${CONFIGURATION}-output-files.xcfilelist",
			);
			runOnlyForDeploymentPostprocessing = 0;
			shellPath = /bin/sh;
			shellScript = "\"${PODS_ROOT}/Target Support Files/Pods-VkNewsFeed/Pods-VkNewsFeed-frameworks.sh\"\n";
			showEnvVarsInLog = 0;
		};
/* End PBXShellScriptBuildPhase section */

/* Begin PBXSourcesBuildPhase section */
		ECBE484324C6318400851417 /* Sources */ = {
			isa = PBXSourcesBuildPhase;
			buildActionMask = 2147483647;
			files = (
				EC88BB9F24C706860052EE1F /* AuthViewController.swift in Sources */,
				ECBE484B24C6318400851417 /* AppDelegate.swift in Sources */,
				EC9897FC24C8BFCF00BA3D52 /* FeedViewController.swift in Sources */,
				ECBE484D24C6318400851417 /* SceneDelegate.swift in Sources */,
				EC88BB9C24C6FBAC0052EE1F /* AuthService.swift in Sources */,
			);
			runOnlyForDeploymentPostprocessing = 0;
		};
/* End PBXSourcesBuildPhase section */

/* Begin PBXVariantGroup section */
		ECBE485524C6318700851417 /* LaunchScreen.storyboard */ = {
			isa = PBXVariantGroup;
			children = (
				ECBE485624C6318700851417 /* Base */,
			);
			name = LaunchScreen.storyboard;
			sourceTree = "<group>";
		};
/* End PBXVariantGroup section */

/* Begin XCBuildConfiguration section */
		ECBE485924C6318700851417 /* Debug */ = {
			isa = XCBuildConfiguration;
			buildSettings = {
				ALWAYS_SEARCH_USER_PATHS = NO;
				CLANG_ANALYZER_NONNULL = YES;
				CLANG_ANALYZER_NUMBER_OBJECT_CONVERSION = YES_AGGRESSIVE;
				CLANG_CXX_LANGUAGE_STANDARD = "gnu++14";
				CLANG_CXX_LIBRARY = "libc++";
				CLANG_ENABLE_MODULES = YES;
				CLANG_ENABLE_OBJC_ARC = YES;
				CLANG_ENABLE_OBJC_WEAK = YES;
				CLANG_WARN_BLOCK_CAPTURE_AUTORELEASING = YES;
				CLANG_WARN_BOOL_CONVERSION = YES;
				CLANG_WARN_COMMA = YES;
				CLANG_WARN_CONSTANT_CONVERSION = YES;
				CLANG_WARN_DEPRECATED_OBJC_IMPLEMENTATIONS = YES;
				CLANG_WARN_DIRECT_OBJC_ISA_USAGE = YES_ERROR;
				CLANG_WARN_DOCUMENTATION_COMMENTS = YES;
				CLANG_WARN_EMPTY_BODY = YES;
				CLANG_WARN_ENUM_CONVERSION = YES;
				CLANG_WARN_INFINITE_RECURSION = YES;
				CLANG_WARN_INT_CONVERSION = YES;
				CLANG_WARN_NON_LITERAL_NULL_CONVERSION = YES;
				CLANG_WARN_OBJC_IMPLICIT_RETAIN_SELF = YES;
				CLANG_WARN_OBJC_LITERAL_CONVERSION = YES;
				CLANG_WARN_OBJC_ROOT_CLASS = YES_ERROR;
				CLANG_WARN_RANGE_LOOP_ANALYSIS = YES;
				CLANG_WARN_STRICT_PROTOTYPES = YES;
				CLANG_WARN_SUSPICIOUS_MOVE = YES;
				CLANG_WARN_UNGUARDED_AVAILABILITY = YES_AGGRESSIVE;
				CLANG_WARN_UNREACHABLE_CODE = YES;
				CLANG_WARN__DUPLICATE_METHOD_MATCH = YES;
				COPY_PHASE_STRIP = NO;
				DEBUG_INFORMATION_FORMAT = dwarf;
				ENABLE_STRICT_OBJC_MSGSEND = YES;
				ENABLE_TESTABILITY = YES;
				GCC_C_LANGUAGE_STANDARD = gnu11;
				GCC_DYNAMIC_NO_PIC = NO;
				GCC_NO_COMMON_BLOCKS = YES;
				GCC_OPTIMIZATION_LEVEL = 0;
				GCC_PREPROCESSOR_DEFINITIONS = (
					"DEBUG=1",
					"$(inherited)",
				);
				GCC_WARN_64_TO_32_BIT_CONVERSION = YES;
				GCC_WARN_ABOUT_RETURN_TYPE = YES_ERROR;
				GCC_WARN_UNDECLARED_SELECTOR = YES;
				GCC_WARN_UNINITIALIZED_AUTOS = YES_AGGRESSIVE;
				GCC_WARN_UNUSED_FUNCTION = YES;
				GCC_WARN_UNUSED_VARIABLE = YES;
				IPHONEOS_DEPLOYMENT_TARGET = 13.4;
				MTL_ENABLE_DEBUG_INFO = INCLUDE_SOURCE;
				MTL_FAST_MATH = YES;
				ONLY_ACTIVE_ARCH = YES;
				SDKROOT = iphoneos;
				SWIFT_ACTIVE_COMPILATION_CONDITIONS = DEBUG;
				SWIFT_OPTIMIZATION_LEVEL = "-Onone";
			};
			name = Debug;
		};
		ECBE485A24C6318700851417 /* Release */ = {
			isa = XCBuildConfiguration;
			buildSettings = {
				ALWAYS_SEARCH_USER_PATHS = NO;
				CLANG_ANALYZER_NONNULL = YES;
				CLANG_ANALYZER_NUMBER_OBJECT_CONVERSION = YES_AGGRESSIVE;
				CLANG_CXX_LANGUAGE_STANDARD = "gnu++14";
				CLANG_CXX_LIBRARY = "libc++";
				CLANG_ENABLE_MODULES = YES;
				CLANG_ENABLE_OBJC_ARC = YES;
				CLANG_ENABLE_OBJC_WEAK = YES;
				CLANG_WARN_BLOCK_CAPTURE_AUTORELEASING = YES;
				CLANG_WARN_BOOL_CONVERSION = YES;
				CLANG_WARN_COMMA = YES;
				CLANG_WARN_CONSTANT_CONVERSION = YES;
				CLANG_WARN_DEPRECATED_OBJC_IMPLEMENTATIONS = YES;
				CLANG_WARN_DIRECT_OBJC_ISA_USAGE = YES_ERROR;
				CLANG_WARN_DOCUMENTATION_COMMENTS = YES;
				CLANG_WARN_EMPTY_BODY = YES;
				CLANG_WARN_ENUM_CONVERSION = YES;
				CLANG_WARN_INFINITE_RECURSION = YES;
				CLANG_WARN_INT_CONVERSION = YES;
				CLANG_WARN_NON_LITERAL_NULL_CONVERSION = YES;
				CLANG_WARN_OBJC_IMPLICIT_RETAIN_SELF = YES;
				CLANG_WARN_OBJC_LITERAL_CONVERSION = YES;
				CLANG_WARN_OBJC_ROOT_CLASS = YES_ERROR;
				CLANG_WARN_RANGE_LOOP_ANALYSIS = YES;
				CLANG_WARN_STRICT_PROTOTYPES = YES;
				CLANG_WARN_SUSPICIOUS_MOVE = YES;
				CLANG_WARN_UNGUARDED_AVAILABILITY = YES_AGGRESSIVE;
				CLANG_WARN_UNREACHABLE_CODE = YES;
				CLANG_WARN__DUPLICATE_METHOD_MATCH = YES;
				COPY_PHASE_STRIP = NO;
				DEBUG_INFORMATION_FORMAT = "dwarf-with-dsym";
				ENABLE_NS_ASSERTIONS = NO;
				ENABLE_STRICT_OBJC_MSGSEND = YES;
				GCC_C_LANGUAGE_STANDARD = gnu11;
				GCC_NO_COMMON_BLOCKS = YES;
				GCC_WARN_64_TO_32_BIT_CONVERSION = YES;
				GCC_WARN_ABOUT_RETURN_TYPE = YES_ERROR;
				GCC_WARN_UNDECLARED_SELECTOR = YES;
				GCC_WARN_UNINITIALIZED_AUTOS = YES_AGGRESSIVE;
				GCC_WARN_UNUSED_FUNCTION = YES;
				GCC_WARN_UNUSED_VARIABLE = YES;
				IPHONEOS_DEPLOYMENT_TARGET = 13.4;
				MTL_ENABLE_DEBUG_INFO = NO;
				MTL_FAST_MATH = YES;
				SDKROOT = iphoneos;
				SWIFT_COMPILATION_MODE = wholemodule;
				SWIFT_OPTIMIZATION_LEVEL = "-O";
				VALIDATE_PRODUCT = YES;
			};
			name = Release;
		};
		ECBE485C24C6318700851417 /* Debug */ = {
			isa = XCBuildConfiguration;
			baseConfigurationReference = 876A66A81580B8016B74A427 /* Pods-VkNewsFeed.debug.xcconfig */;
			buildSettings = {
				ASSETCATALOG_COMPILER_APPICON_NAME = AppIcon;
				CODE_SIGN_STYLE = Automatic;
				DEVELOPMENT_TEAM = TA55CRFVW8;
				INFOPLIST_FILE = VkNewsFeed/Info.plist;
				IPHONEOS_DEPLOYMENT_TARGET = 13.0;
				LD_RUNPATH_SEARCH_PATHS = (
					"$(inherited)",
					"@executable_path/Frameworks",
				);
				PRODUCT_BUNDLE_IDENTIFIER = tw3ee.com.VkNewsFeed;
				PRODUCT_NAME = "$(TARGET_NAME)";
				SWIFT_VERSION = 5.0;
				TARGETED_DEVICE_FAMILY = "1,2";
			};
			name = Debug;
		};
		ECBE485D24C6318700851417 /* Release */ = {
			isa = XCBuildConfiguration;
			baseConfigurationReference = A8F96276C83F08554186AC2A /* Pods-VkNewsFeed.release.xcconfig */;
			buildSettings = {
				ASSETCATALOG_COMPILER_APPICON_NAME = AppIcon;
				CODE_SIGN_STYLE = Automatic;
				DEVELOPMENT_TEAM = TA55CRFVW8;
				INFOPLIST_FILE = VkNewsFeed/Info.plist;
				IPHONEOS_DEPLOYMENT_TARGET = 13.0;
				LD_RUNPATH_SEARCH_PATHS = (
					"$(inherited)",
					"@executable_path/Frameworks",
				);
				PRODUCT_BUNDLE_IDENTIFIER = tw3ee.com.VkNewsFeed;
				PRODUCT_NAME = "$(TARGET_NAME)";
				SWIFT_VERSION = 5.0;
				TARGETED_DEVICE_FAMILY = "1,2";
			};
			name = Release;
		};
/* End XCBuildConfiguration section */

/* Begin XCConfigurationList section */
		ECBE484224C6318400851417 /* Build configuration list for PBXProject "VkNewsFeed" */ = {
			isa = XCConfigurationList;
			buildConfigurations = (
				ECBE485924C6318700851417 /* Debug */,
				ECBE485A24C6318700851417 /* Release */,
			);
			defaultConfigurationIsVisible = 0;
			defaultConfigurationName = Release;
		};
		ECBE485B24C6318700851417 /* Build configuration list for PBXNativeTarget "VkNewsFeed" */ = {
			isa = XCConfigurationList;
			buildConfigurations = (
				ECBE485C24C6318700851417 /* Debug */,
				ECBE485D24C6318700851417 /* Release */,
			);
			defaultConfigurationIsVisible = 0;
			defaultConfigurationName = Release;
		};
/* End XCConfigurationList section */
	};
	rootObject = ECBE483F24C6318400851417 /* Project object */;
}
